// !$*UTF8*$!
{
	archiveVersion = 1;
	classes = {
	};
	objectVersion = 56;
	objects = {

/* Begin PBXBuildFile section */
		C6145A51293162BB00BC29EE /* GFItemInfoView.swift in Sources */ = {isa = PBXBuildFile; fileRef = C6145A50293162BB00BC29EE /* GFItemInfoView.swift */; };
		C6145A532931670300BC29EE /* GFItemInfoVC.swift in Sources */ = {isa = PBXBuildFile; fileRef = C6145A522931670300BC29EE /* GFItemInfoVC.swift */; };
		C6145A552931696D00BC29EE /* GFRepoItemVC.swift in Sources */ = {isa = PBXBuildFile; fileRef = C6145A542931696D00BC29EE /* GFRepoItemVC.swift */; };
		C6145A5729318DFC00BC29EE /* GFFollowerItemVC.swift in Sources */ = {isa = PBXBuildFile; fileRef = C6145A5629318DFC00BC29EE /* GFFollowerItemVC.swift */; };
		C6145A5A29319ABE00BC29EE /* Date+.swift in Sources */ = {isa = PBXBuildFile; fileRef = C6145A5929319ABE00BC29EE /* Date+.swift */; };
		C6145A5C29319AD800BC29EE /* String+.swift in Sources */ = {isa = PBXBuildFile; fileRef = C6145A5B29319AD800BC29EE /* String+.swift */; };
		C6145A5E2931D66200BC29EE /* PersistenceManager.swift in Sources */ = {isa = PBXBuildFile; fileRef = C6145A5D2931D66200BC29EE /* PersistenceManager.swift */; };
		C6145A602931DFE200BC29EE /* FavoriteCell.swift in Sources */ = {isa = PBXBuildFile; fileRef = C6145A5F2931DFE200BC29EE /* FavoriteCell.swift */; };
		C6145A632931F63000BC29EE /* GFTabBarController.swift in Sources */ = {isa = PBXBuildFile; fileRef = C6145A622931F63000BC29EE /* GFTabBarController.swift */; };
		C65C95462927687500B119AD /* AppDelegate.swift in Sources */ = {isa = PBXBuildFile; fileRef = C65C95452927687500B119AD /* AppDelegate.swift */; };
		C65C95482927687500B119AD /* SceneDelegate.swift in Sources */ = {isa = PBXBuildFile; fileRef = C65C95472927687500B119AD /* SceneDelegate.swift */; };
		C65C954F2927687600B119AD /* Assets.xcassets in Resources */ = {isa = PBXBuildFile; fileRef = C65C954E2927687600B119AD /* Assets.xcassets */; };
		C65C95522927687600B119AD /* LaunchScreen.storyboard in Resources */ = {isa = PBXBuildFile; fileRef = C65C95502927687600B119AD /* LaunchScreen.storyboard */; };
		C65C955A29276D6A00B119AD /* SearchVC.swift in Sources */ = {isa = PBXBuildFile; fileRef = C65C955929276D6A00B119AD /* SearchVC.swift */; };
		C65C955C29276D8F00B119AD /* FavoriteListVC.swift in Sources */ = {isa = PBXBuildFile; fileRef = C65C955B29276D8F00B119AD /* FavoriteListVC.swift */; };
		C65C955E2927735000B119AD /* GFButton.swift in Sources */ = {isa = PBXBuildFile; fileRef = C65C955D2927735000B119AD /* GFButton.swift */; };
		C65C95602927758900B119AD /* GFTextField.swift in Sources */ = {isa = PBXBuildFile; fileRef = C65C955F2927758900B119AD /* GFTextField.swift */; };
		C65C95622927BA7C00B119AD /* FollowerListVC.swift in Sources */ = {isa = PBXBuildFile; fileRef = C65C95612927BA7C00B119AD /* FollowerListVC.swift */; };
		C65C95642927DE2900B119AD /* GFTitleLabel.swift in Sources */ = {isa = PBXBuildFile; fileRef = C65C95632927DE2900B119AD /* GFTitleLabel.swift */; };
		C65C95662927DF8600B119AD /* GFBodyLabel.swift in Sources */ = {isa = PBXBuildFile; fileRef = C65C95652927DF8600B119AD /* GFBodyLabel.swift */; };
		C65C95682927E03A00B119AD /* GFAlertVC.swift in Sources */ = {isa = PBXBuildFile; fileRef = C65C95672927E03A00B119AD /* GFAlertVC.swift */; };
		C65C956A29286AD200B119AD /* UIViewController+.swift in Sources */ = {isa = PBXBuildFile; fileRef = C65C956929286AD200B119AD /* UIViewController+.swift */; };
		C6B601B9292B05F000A05BCC /* Follower.swift in Sources */ = {isa = PBXBuildFile; fileRef = C6B601B8292B05F000A05BCC /* Follower.swift */; };
		C6B601BC292B06A200A05BCC /* User.swift in Sources */ = {isa = PBXBuildFile; fileRef = C6B601BB292B06A200A05BCC /* User.swift */; };
		C6B601BE292B117700A05BCC /* NetworkManager.swift in Sources */ = {isa = PBXBuildFile; fileRef = C6B601BD292B117700A05BCC /* NetworkManager.swift */; };
		C6B601C2292B328900A05BCC /* ErrorMessage.swift in Sources */ = {isa = PBXBuildFile; fileRef = C6B601C1292B328900A05BCC /* ErrorMessage.swift */; };
		C6B601C5292B6A0E00A05BCC /* FollowerCell.swift in Sources */ = {isa = PBXBuildFile; fileRef = C6B601C4292B6A0E00A05BCC /* FollowerCell.swift */; };
		C6B601C7292B6A7700A05BCC /* GFAvatarImageView.swift in Sources */ = {isa = PBXBuildFile; fileRef = C6B601C6292B6A7700A05BCC /* GFAvatarImageView.swift */; };
		C6B601C9292C2CF000A05BCC /* UIHelper.swift in Sources */ = {isa = PBXBuildFile; fileRef = C6B601C8292C2CF000A05BCC /* UIHelper.swift */; };
		C6B601D2292CEA3B00A05BCC /* GFEmptyStateView.swift in Sources */ = {isa = PBXBuildFile; fileRef = C6B601D1292CEA3B00A05BCC /* GFEmptyStateView.swift */; };
		C6B601D4292DC6EA00A05BCC /* UserInfoVC.swift in Sources */ = {isa = PBXBuildFile; fileRef = C6B601D3292DC6EA00A05BCC /* UserInfoVC.swift */; };
		C6B601DA2930545B00A05BCC /* GFUserInfoHeaderVC.swift in Sources */ = {isa = PBXBuildFile; fileRef = C6B601D92930545B00A05BCC /* GFUserInfoHeaderVC.swift */; };
		C6B601DC2930584300A05BCC /* GFSecondaryTitleLabel.swift in Sources */ = {isa = PBXBuildFile; fileRef = C6B601DB2930584300A05BCC /* GFSecondaryTitleLabel.swift */; };
		C6B601DE29305F3B00A05BCC /* Constants.swift in Sources */ = {isa = PBXBuildFile; fileRef = C6B601DD29305F3B00A05BCC /* Constants.swift */; };
/* End PBXBuildFile section */

/* Begin PBXFileReference section */
		C6145A50293162BB00BC29EE /* GFItemInfoView.swift */ = {isa = PBXFileReference; lastKnownFileType = sourcecode.swift; path = GFItemInfoView.swift; sourceTree = "<group>"; };
		C6145A522931670300BC29EE /* GFItemInfoVC.swift */ = {isa = PBXFileReference; lastKnownFileType = sourcecode.swift; path = GFItemInfoVC.swift; sourceTree = "<group>"; };
		C6145A542931696D00BC29EE /* GFRepoItemVC.swift */ = {isa = PBXFileReference; lastKnownFileType = sourcecode.swift; path = GFRepoItemVC.swift; sourceTree = "<group>"; };
		C6145A5629318DFC00BC29EE /* GFFollowerItemVC.swift */ = {isa = PBXFileReference; lastKnownFileType = sourcecode.swift; path = GFFollowerItemVC.swift; sourceTree = "<group>"; };
		C6145A5929319ABE00BC29EE /* Date+.swift */ = {isa = PBXFileReference; lastKnownFileType = sourcecode.swift; path = "Date+.swift"; sourceTree = "<group>"; };
		C6145A5B29319AD800BC29EE /* String+.swift */ = {isa = PBXFileReference; lastKnownFileType = sourcecode.swift; path = "String+.swift"; sourceTree = "<group>"; };
		C6145A5D2931D66200BC29EE /* PersistenceManager.swift */ = {isa = PBXFileReference; lastKnownFileType = sourcecode.swift; path = PersistenceManager.swift; sourceTree = "<group>"; };
		C6145A5F2931DFE200BC29EE /* FavoriteCell.swift */ = {isa = PBXFileReference; lastKnownFileType = sourcecode.swift; path = FavoriteCell.swift; sourceTree = "<group>"; };
		C6145A622931F63000BC29EE /* GFTabBarController.swift */ = {isa = PBXFileReference; lastKnownFileType = sourcecode.swift; path = GFTabBarController.swift; sourceTree = "<group>"; };
		C65C95422927687500B119AD /* UIKitPractice-GitHubApp.app */ = {isa = PBXFileReference; explicitFileType = wrapper.application; includeInIndex = 0; path = "UIKitPractice-GitHubApp.app"; sourceTree = BUILT_PRODUCTS_DIR; };
		C65C95452927687500B119AD /* AppDelegate.swift */ = {isa = PBXFileReference; lastKnownFileType = sourcecode.swift; path = AppDelegate.swift; sourceTree = "<group>"; };
		C65C95472927687500B119AD /* SceneDelegate.swift */ = {isa = PBXFileReference; lastKnownFileType = sourcecode.swift; path = SceneDelegate.swift; sourceTree = "<group>"; };
		C65C954E2927687600B119AD /* Assets.xcassets */ = {isa = PBXFileReference; lastKnownFileType = folder.assetcatalog; path = Assets.xcassets; sourceTree = "<group>"; };
		C65C95512927687600B119AD /* Base */ = {isa = PBXFileReference; lastKnownFileType = file.storyboard; name = Base; path = Base.lproj/LaunchScreen.storyboard; sourceTree = "<group>"; };
		C65C95532927687600B119AD /* Info.plist */ = {isa = PBXFileReference; lastKnownFileType = text.plist.xml; path = Info.plist; sourceTree = "<group>"; };
		C65C955929276D6A00B119AD /* SearchVC.swift */ = {isa = PBXFileReference; lastKnownFileType = sourcecode.swift; path = SearchVC.swift; sourceTree = "<group>"; };
		C65C955B29276D8F00B119AD /* FavoriteListVC.swift */ = {isa = PBXFileReference; lastKnownFileType = sourcecode.swift; path = FavoriteListVC.swift; sourceTree = "<group>"; };
		C65C955D2927735000B119AD /* GFButton.swift */ = {isa = PBXFileReference; lastKnownFileType = sourcecode.swift; path = GFButton.swift; sourceTree = "<group>"; };
		C65C955F2927758900B119AD /* GFTextField.swift */ = {isa = PBXFileReference; lastKnownFileType = sourcecode.swift; path = GFTextField.swift; sourceTree = "<group>"; };
		C65C95612927BA7C00B119AD /* FollowerListVC.swift */ = {isa = PBXFileReference; lastKnownFileType = sourcecode.swift; path = FollowerListVC.swift; sourceTree = "<group>"; };
		C65C95632927DE2900B119AD /* GFTitleLabel.swift */ = {isa = PBXFileReference; lastKnownFileType = sourcecode.swift; path = GFTitleLabel.swift; sourceTree = "<group>"; };
		C65C95652927DF8600B119AD /* GFBodyLabel.swift */ = {isa = PBXFileReference; lastKnownFileType = sourcecode.swift; path = GFBodyLabel.swift; sourceTree = "<group>"; };
		C65C95672927E03A00B119AD /* GFAlertVC.swift */ = {isa = PBXFileReference; lastKnownFileType = sourcecode.swift; path = GFAlertVC.swift; sourceTree = "<group>"; };
		C65C956929286AD200B119AD /* UIViewController+.swift */ = {isa = PBXFileReference; lastKnownFileType = sourcecode.swift; path = "UIViewController+.swift"; sourceTree = "<group>"; };
		C6B601B8292B05F000A05BCC /* Follower.swift */ = {isa = PBXFileReference; lastKnownFileType = sourcecode.swift; path = Follower.swift; sourceTree = "<group>"; };
		C6B601BB292B06A200A05BCC /* User.swift */ = {isa = PBXFileReference; lastKnownFileType = sourcecode.swift; path = User.swift; sourceTree = "<group>"; };
		C6B601BD292B117700A05BCC /* NetworkManager.swift */ = {isa = PBXFileReference; lastKnownFileType = sourcecode.swift; path = NetworkManager.swift; sourceTree = "<group>"; };
		C6B601C1292B328900A05BCC /* ErrorMessage.swift */ = {isa = PBXFileReference; lastKnownFileType = sourcecode.swift; path = ErrorMessage.swift; sourceTree = "<group>"; };
		C6B601C4292B6A0E00A05BCC /* FollowerCell.swift */ = {isa = PBXFileReference; lastKnownFileType = sourcecode.swift; path = FollowerCell.swift; sourceTree = "<group>"; };
		C6B601C6292B6A7700A05BCC /* GFAvatarImageView.swift */ = {isa = PBXFileReference; lastKnownFileType = sourcecode.swift; path = GFAvatarImageView.swift; sourceTree = "<group>"; };
		C6B601C8292C2CF000A05BCC /* UIHelper.swift */ = {isa = PBXFileReference; lastKnownFileType = sourcecode.swift; path = UIHelper.swift; sourceTree = "<group>"; };
		C6B601D1292CEA3B00A05BCC /* GFEmptyStateView.swift */ = {isa = PBXFileReference; lastKnownFileType = sourcecode.swift; path = GFEmptyStateView.swift; sourceTree = "<group>"; };
		C6B601D3292DC6EA00A05BCC /* UserInfoVC.swift */ = {isa = PBXFileReference; lastKnownFileType = sourcecode.swift; path = UserInfoVC.swift; sourceTree = "<group>"; };
		C6B601D92930545B00A05BCC /* GFUserInfoHeaderVC.swift */ = {isa = PBXFileReference; lastKnownFileType = sourcecode.swift; path = GFUserInfoHeaderVC.swift; sourceTree = "<group>"; };
		C6B601DB2930584300A05BCC /* GFSecondaryTitleLabel.swift */ = {isa = PBXFileReference; lastKnownFileType = sourcecode.swift; path = GFSecondaryTitleLabel.swift; sourceTree = "<group>"; };
		C6B601DD29305F3B00A05BCC /* Constants.swift */ = {isa = PBXFileReference; lastKnownFileType = sourcecode.swift; path = Constants.swift; sourceTree = "<group>"; };
/* End PBXFileReference section */

/* Begin PBXFrameworksBuildPhase section */
		C65C953F2927687500B119AD /* Frameworks */ = {
			isa = PBXFrameworksBuildPhase;
			buildActionMask = 2147483647;
			files = (
			);
			runOnlyForDeploymentPostprocessing = 0;
		};
/* End PBXFrameworksBuildPhase section */

/* Begin PBXGroup section */
		C6145A5829318E5F00BC29EE /* ItemInfoVCs */ = {
			isa = PBXGroup;
			children = (
				C6145A522931670300BC29EE /* GFItemInfoVC.swift */,
				C6145A542931696D00BC29EE /* GFRepoItemVC.swift */,
				C6145A5629318DFC00BC29EE /* GFFollowerItemVC.swift */,
			);
			path = ItemInfoVCs;
			sourceTree = "<group>";
		};
		C6145A612931F61400BC29EE /* TabBarControllers */ = {
			isa = PBXGroup;
			children = (
				C6145A622931F63000BC29EE /* GFTabBarController.swift */,
			);
			path = TabBarControllers;
			sourceTree = "<group>";
		};
		C65C95392927687500B119AD = {
			isa = PBXGroup;
			children = (
				C65C95442927687500B119AD /* UIKitPractice-GitHubApp */,
				C65C95432927687500B119AD /* Products */,
			);
			sourceTree = "<group>";
		};
		C65C95432927687500B119AD /* Products */ = {
			isa = PBXGroup;
			children = (
				C65C95422927687500B119AD /* UIKitPractice-GitHubApp.app */,
			);
			name = Products;
			sourceTree = "<group>";
		};
		C65C95442927687500B119AD /* UIKitPractice-GitHubApp */ = {
			isa = PBXGroup;
			children = (
				C6B601C0292B327A00A05BCC /* Utilities */,
				C6B601BF292B117C00A05BCC /* Managers */,
				C6B601BA292B05F900A05BCC /* Model */,
				C65C95532927687600B119AD /* Info.plist */,
				C65C956D2928704500B119AD /* Extensions */,
				C65C956C2928701C00B119AD /* Custom Views */,
				C65C956B29286FF700B119AD /* Screens */,
				C65C956E2928706800B119AD /* Support */,
			);
			path = "UIKitPractice-GitHubApp";
			sourceTree = "<group>";
		};
		C65C956B29286FF700B119AD /* Screens */ = {
			isa = PBXGroup;
			children = (
				C65C955929276D6A00B119AD /* SearchVC.swift */,
				C65C95612927BA7C00B119AD /* FollowerListVC.swift */,
				C65C955B29276D8F00B119AD /* FavoriteListVC.swift */,
				C6B601D3292DC6EA00A05BCC /* UserInfoVC.swift */,
			);
			path = Screens;
			sourceTree = "<group>";
		};
		C65C956C2928701C00B119AD /* Custom Views */ = {
			isa = PBXGroup;
			children = (
				C6145A612931F61400BC29EE /* TabBarControllers */,
				C6B601D0292CEA1F00A05BCC /* Labels */,
				C6B601CE292CEA1000A05BCC /* ViewControllers */,
				C6B601CD292CEA0A00A05BCC /* ImageViews */,
				C6B601CC292CEA0400A05BCC /* TextFields */,
				C6B601CB292CEA0000A05BCC /* Views */,
				C6B601CA292CE9E700A05BCC /* Buttons */,
				C6B601C3292B69F500A05BCC /* Cells */,
			);
			path = "Custom Views";
			sourceTree = "<group>";
		};
		C65C956D2928704500B119AD /* Extensions */ = {
			isa = PBXGroup;
			children = (
				C65C956929286AD200B119AD /* UIViewController+.swift */,
				C6145A5929319ABE00BC29EE /* Date+.swift */,
				C6145A5B29319AD800BC29EE /* String+.swift */,
			);
			path = Extensions;
			sourceTree = "<group>";
		};
		C65C956E2928706800B119AD /* Support */ = {
			isa = PBXGroup;
			children = (
				C65C954E2927687600B119AD /* Assets.xcassets */,
				C65C95452927687500B119AD /* AppDelegate.swift */,
				C65C95472927687500B119AD /* SceneDelegate.swift */,
				C65C95502927687600B119AD /* LaunchScreen.storyboard */,
			);
			path = Support;
			sourceTree = "<group>";
		};
		C6B601BA292B05F900A05BCC /* Model */ = {
			isa = PBXGroup;
			children = (
				C6B601B8292B05F000A05BCC /* Follower.swift */,
				C6B601BB292B06A200A05BCC /* User.swift */,
			);
			path = Model;
			sourceTree = "<group>";
		};
		C6B601BF292B117C00A05BCC /* Managers */ = {
			isa = PBXGroup;
			children = (
				C6B601BD292B117700A05BCC /* NetworkManager.swift */,
				C6145A5D2931D66200BC29EE /* PersistenceManager.swift */,
			);
			path = Managers;
			sourceTree = "<group>";
		};
		C6B601C0292B327A00A05BCC /* Utilities */ = {
			isa = PBXGroup;
			children = (
				C6B601C1292B328900A05BCC /* ErrorMessage.swift */,
				C6B601C8292C2CF000A05BCC /* UIHelper.swift */,
				C6B601DD29305F3B00A05BCC /* Constants.swift */,
			);
			path = Utilities;
			sourceTree = "<group>";
		};
		C6B601C3292B69F500A05BCC /* Cells */ = {
			isa = PBXGroup;
			children = (
				C6B601C4292B6A0E00A05BCC /* FollowerCell.swift */,
				C6145A5F2931DFE200BC29EE /* FavoriteCell.swift */,
			);
			path = Cells;
			sourceTree = "<group>";
		};
		C6B601CA292CE9E700A05BCC /* Buttons */ = {
			isa = PBXGroup;
			children = (
				C65C955D2927735000B119AD /* GFButton.swift */,
			);
			path = Buttons;
			sourceTree = "<group>";
		};
		C6B601CB292CEA0000A05BCC /* Views */ = {
			isa = PBXGroup;
			children = (
				C6B601D1292CEA3B00A05BCC /* GFEmptyStateView.swift */,
				C6145A50293162BB00BC29EE /* GFItemInfoView.swift */,
			);
			path = Views;
			sourceTree = "<group>";
		};
		C6B601CC292CEA0400A05BCC /* TextFields */ = {
			isa = PBXGroup;
			children = (
				C65C955F2927758900B119AD /* GFTextField.swift */,
			);
			path = TextFields;
			sourceTree = "<group>";
		};
		C6B601CD292CEA0A00A05BCC /* ImageViews */ = {
			isa = PBXGroup;
			children = (
				C6B601C6292B6A7700A05BCC /* GFAvatarImageView.swift */,
			);
			path = ImageViews;
			sourceTree = "<group>";
		};
		C6B601CE292CEA1000A05BCC /* ViewControllers */ = {
			isa = PBXGroup;
			children = (
				C6145A5829318E5F00BC29EE /* ItemInfoVCs */,
				C65C95672927E03A00B119AD /* GFAlertVC.swift */,
				C6B601D92930545B00A05BCC /* GFUserInfoHeaderVC.swift */,
			);
			path = ViewControllers;
			sourceTree = "<group>";
		};
		C6B601D0292CEA1F00A05BCC /* Labels */ = {
			isa = PBXGroup;
			children = (
				C65C95652927DF8600B119AD /* GFBodyLabel.swift */,
				C6B601DB2930584300A05BCC /* GFSecondaryTitleLabel.swift */,
				C65C95632927DE2900B119AD /* GFTitleLabel.swift */,
			);
			path = Labels;
			sourceTree = "<group>";
		};
/* End PBXGroup section */

/* Begin PBXNativeTarget section */
		C65C95412927687500B119AD /* UIKitPractice-GitHubApp */ = {
			isa = PBXNativeTarget;
			buildConfigurationList = C65C95562927687600B119AD /* Build configuration list for PBXNativeTarget "UIKitPractice-GitHubApp" */;
			buildPhases = (
				C65C953E2927687500B119AD /* Sources */,
				C65C953F2927687500B119AD /* Frameworks */,
				C65C95402927687500B119AD /* Resources */,
			);
			buildRules = (
			);
			dependencies = (
			);
			name = "UIKitPractice-GitHubApp";
			productName = "UIKitPractice-GitHubApp";
			productReference = C65C95422927687500B119AD /* UIKitPractice-GitHubApp.app */;
			productType = "com.apple.product-type.application";
		};
/* End PBXNativeTarget section */

/* Begin PBXProject section */
		C65C953A2927687500B119AD /* Project object */ = {
			isa = PBXProject;
			attributes = {
				BuildIndependentTargetsInParallel = 1;
				LastSwiftUpdateCheck = 1400;
				LastUpgradeCheck = 1400;
				TargetAttributes = {
					C65C95412927687500B119AD = {
						CreatedOnToolsVersion = 14.0.1;
					};
				};
			};
			buildConfigurationList = C65C953D2927687500B119AD /* Build configuration list for PBXProject "UIKitPractice-GitHubApp" */;
			compatibilityVersion = "Xcode 14.0";
			developmentRegion = en;
			hasScannedForEncodings = 0;
			knownRegions = (
				en,
				Base,
			);
			mainGroup = C65C95392927687500B119AD;
			productRefGroup = C65C95432927687500B119AD /* Products */;
			projectDirPath = "";
			projectRoot = "";
			targets = (
				C65C95412927687500B119AD /* UIKitPractice-GitHubApp */,
			);
		};
/* End PBXProject section */

/* Begin PBXResourcesBuildPhase section */
		C65C95402927687500B119AD /* Resources */ = {
			isa = PBXResourcesBuildPhase;
			buildActionMask = 2147483647;
			files = (
				C65C95522927687600B119AD /* LaunchScreen.storyboard in Resources */,
				C65C954F2927687600B119AD /* Assets.xcassets in Resources */,
			);
			runOnlyForDeploymentPostprocessing = 0;
		};
/* End PBXResourcesBuildPhase section */

/* Begin PBXSourcesBuildPhase section */
		C65C953E2927687500B119AD /* Sources */ = {
			isa = PBXSourcesBuildPhase;
			buildActionMask = 2147483647;
			files = (
				C6B601BC292B06A200A05BCC /* User.swift in Sources */,
				C65C95602927758900B119AD /* GFTextField.swift in Sources */,
				C65C955A29276D6A00B119AD /* SearchVC.swift in Sources */,
				C65C955E2927735000B119AD /* GFButton.swift in Sources */,
				C65C95462927687500B119AD /* AppDelegate.swift in Sources */,
				C6B601C9292C2CF000A05BCC /* UIHelper.swift in Sources */,
				C6145A532931670300BC29EE /* GFItemInfoVC.swift in Sources */,
				C6145A5A29319ABE00BC29EE /* Date+.swift in Sources */,
				C6B601DE29305F3B00A05BCC /* Constants.swift in Sources */,
				C6B601C7292B6A7700A05BCC /* GFAvatarImageView.swift in Sources */,
				C65C95682927E03A00B119AD /* GFAlertVC.swift in Sources */,
				C65C95662927DF8600B119AD /* GFBodyLabel.swift in Sources */,
				C6145A5729318DFC00BC29EE /* GFFollowerItemVC.swift in Sources */,
				C6145A51293162BB00BC29EE /* GFItemInfoView.swift in Sources */,
				C6145A602931DFE200BC29EE /* FavoriteCell.swift in Sources */,
				C6B601C5292B6A0E00A05BCC /* FollowerCell.swift in Sources */,
				C6145A632931F63000BC29EE /* GFTabBarController.swift in Sources */,
				C6B601C2292B328900A05BCC /* ErrorMessage.swift in Sources */,
				C6B601DA2930545B00A05BCC /* GFUserInfoHeaderVC.swift in Sources */,
				C65C95622927BA7C00B119AD /* FollowerListVC.swift in Sources */,
				C6B601B9292B05F000A05BCC /* Follower.swift in Sources */,
				C65C955C29276D8F00B119AD /* FavoriteListVC.swift in Sources */,
				C6B601DC2930584300A05BCC /* GFSecondaryTitleLabel.swift in Sources */,
				C6145A5E2931D66200BC29EE /* PersistenceManager.swift in Sources */,
				C6B601D2292CEA3B00A05BCC /* GFEmptyStateView.swift in Sources */,
				C6B601BE292B117700A05BCC /* NetworkManager.swift in Sources */,
				C65C956A29286AD200B119AD /* UIViewController+.swift in Sources */,
				C65C95482927687500B119AD /* SceneDelegate.swift in Sources */,
				C6145A5C29319AD800BC29EE /* String+.swift in Sources */,
				C65C95642927DE2900B119AD /* GFTitleLabel.swift in Sources */,
				C6145A552931696D00BC29EE /* GFRepoItemVC.swift in Sources */,
				C6B601D4292DC6EA00A05BCC /* UserInfoVC.swift in Sources */,
			);
			runOnlyForDeploymentPostprocessing = 0;
		};
/* End PBXSourcesBuildPhase section */

/* Begin PBXVariantGroup section */
		C65C95502927687600B119AD /* LaunchScreen.storyboard */ = {
			isa = PBXVariantGroup;
			children = (
				C65C95512927687600B119AD /* Base */,
			);
			name = LaunchScreen.storyboard;
			sourceTree = "<group>";
		};
/* End PBXVariantGroup section */

/* Begin XCBuildConfiguration section */
		C65C95542927687600B119AD /* Debug */ = {
			isa = XCBuildConfiguration;
			buildSettings = {
				ALWAYS_SEARCH_USER_PATHS = NO;
				CLANG_ANALYZER_NONNULL = YES;
				CLANG_ANALYZER_NUMBER_OBJECT_CONVERSION = YES_AGGRESSIVE;
				CLANG_CXX_LANGUAGE_STANDARD = "gnu++20";
				CLANG_ENABLE_MODULES = YES;
				CLANG_ENABLE_OBJC_ARC = YES;
				CLANG_ENABLE_OBJC_WEAK = YES;
				CLANG_WARN_BLOCK_CAPTURE_AUTORELEASING = YES;
				CLANG_WARN_BOOL_CONVERSION = YES;
				CLANG_WARN_COMMA = YES;
				CLANG_WARN_CONSTANT_CONVERSION = YES;
				CLANG_WARN_DEPRECATED_OBJC_IMPLEMENTATIONS = YES;
				CLANG_WARN_DIRECT_OBJC_ISA_USAGE = YES_ERROR;
				CLANG_WARN_DOCUMENTATION_COMMENTS = YES;
				CLANG_WARN_EMPTY_BODY = YES;
				CLANG_WARN_ENUM_CONVERSION = YES;
				CLANG_WARN_INFINITE_RECURSION = YES;
				CLANG_WARN_INT_CONVERSION = YES;
				CLANG_WARN_NON_LITERAL_NULL_CONVERSION = YES;
				CLANG_WARN_OBJC_IMPLICIT_RETAIN_SELF = YES;
				CLANG_WARN_OBJC_LITERAL_CONVERSION = YES;
				CLANG_WARN_OBJC_ROOT_CLASS = YES_ERROR;
				CLANG_WARN_QUOTED_INCLUDE_IN_FRAMEWORK_HEADER = YES;
				CLANG_WARN_RANGE_LOOP_ANALYSIS = YES;
				CLANG_WARN_STRICT_PROTOTYPES = YES;
				CLANG_WARN_SUSPICIOUS_MOVE = YES;
				CLANG_WARN_UNGUARDED_AVAILABILITY = YES_AGGRESSIVE;
				CLANG_WARN_UNREACHABLE_CODE = YES;
				CLANG_WARN__DUPLICATE_METHOD_MATCH = YES;
				COPY_PHASE_STRIP = NO;
				DEBUG_INFORMATION_FORMAT = dwarf;
				ENABLE_STRICT_OBJC_MSGSEND = YES;
				ENABLE_TESTABILITY = YES;
				GCC_C_LANGUAGE_STANDARD = gnu11;
				GCC_DYNAMIC_NO_PIC = NO;
				GCC_NO_COMMON_BLOCKS = YES;
				GCC_OPTIMIZATION_LEVEL = 0;
				GCC_PREPROCESSOR_DEFINITIONS = (
					"DEBUG=1",
					"$(inherited)",
				);
				GCC_WARN_64_TO_32_BIT_CONVERSION = YES;
				GCC_WARN_ABOUT_RETURN_TYPE = YES_ERROR;
				GCC_WARN_UNDECLARED_SELECTOR = YES;
				GCC_WARN_UNINITIALIZED_AUTOS = YES_AGGRESSIVE;
				GCC_WARN_UNUSED_FUNCTION = YES;
				GCC_WARN_UNUSED_VARIABLE = YES;
				IPHONEOS_DEPLOYMENT_TARGET = 16.0;
				MTL_ENABLE_DEBUG_INFO = INCLUDE_SOURCE;
				MTL_FAST_MATH = YES;
				ONLY_ACTIVE_ARCH = YES;
				SDKROOT = iphoneos;
				SWIFT_ACTIVE_COMPILATION_CONDITIONS = DEBUG;
				SWIFT_OPTIMIZATION_LEVEL = "-Onone";
			};
			name = Debug;
		};
		C65C95552927687600B119AD /* Release */ = {
			isa = XCBuildConfiguration;
			buildSettings = {
				ALWAYS_SEARCH_USER_PATHS = NO;
				CLANG_ANALYZER_NONNULL = YES;
				CLANG_ANALYZER_NUMBER_OBJECT_CONVERSION = YES_AGGRESSIVE;
				CLANG_CXX_LANGUAGE_STANDARD = "gnu++20";
				CLANG_ENABLE_MODULES = YES;
				CLANG_ENABLE_OBJC_ARC = YES;
				CLANG_ENABLE_OBJC_WEAK = YES;
				CLANG_WARN_BLOCK_CAPTURE_AUTORELEASING = YES;
				CLANG_WARN_BOOL_CONVERSION = YES;
				CLANG_WARN_COMMA = YES;
				CLANG_WARN_CONSTANT_CONVERSION = YES;
				CLANG_WARN_DEPRECATED_OBJC_IMPLEMENTATIONS = YES;
				CLANG_WARN_DIRECT_OBJC_ISA_USAGE = YES_ERROR;
				CLANG_WARN_DOCUMENTATION_COMMENTS = YES;
				CLANG_WARN_EMPTY_BODY = YES;
				CLANG_WARN_ENUM_CONVERSION = YES;
				CLANG_WARN_INFINITE_RECURSION = YES;
				CLANG_WARN_INT_CONVERSION = YES;
				CLANG_WARN_NON_LITERAL_NULL_CONVERSION = YES;
				CLANG_WARN_OBJC_IMPLICIT_RETAIN_SELF = YES;
				CLANG_WARN_OBJC_LITERAL_CONVERSION = YES;
				CLANG_WARN_OBJC_ROOT_CLASS = YES_ERROR;
				CLANG_WARN_QUOTED_INCLUDE_IN_FRAMEWORK_HEADER = YES;
				CLANG_WARN_RANGE_LOOP_ANALYSIS = YES;
				CLANG_WARN_STRICT_PROTOTYPES = YES;
				CLANG_WARN_SUSPICIOUS_MOVE = YES;
				CLANG_WARN_UNGUARDED_AVAILABILITY = YES_AGGRESSIVE;
				CLANG_WARN_UNREACHABLE_CODE = YES;
				CLANG_WARN__DUPLICATE_METHOD_MATCH = YES;
				COPY_PHASE_STRIP = NO;
				DEBUG_INFORMATION_FORMAT = "dwarf-with-dsym";
				ENABLE_NS_ASSERTIONS = NO;
				ENABLE_STRICT_OBJC_MSGSEND = YES;
				GCC_C_LANGUAGE_STANDARD = gnu11;
				GCC_NO_COMMON_BLOCKS = YES;
				GCC_WARN_64_TO_32_BIT_CONVERSION = YES;
				GCC_WARN_ABOUT_RETURN_TYPE = YES_ERROR;
				GCC_WARN_UNDECLARED_SELECTOR = YES;
				GCC_WARN_UNINITIALIZED_AUTOS = YES_AGGRESSIVE;
				GCC_WARN_UNUSED_FUNCTION = YES;
				GCC_WARN_UNUSED_VARIABLE = YES;
				IPHONEOS_DEPLOYMENT_TARGET = 16.0;
				MTL_ENABLE_DEBUG_INFO = NO;
				MTL_FAST_MATH = YES;
				SDKROOT = iphoneos;
				SWIFT_COMPILATION_MODE = wholemodule;
				SWIFT_OPTIMIZATION_LEVEL = "-O";
				VALIDATE_PRODUCT = YES;
			};
			name = Release;
		};
		C65C95572927687600B119AD /* Debug */ = {
			isa = XCBuildConfiguration;
			buildSettings = {
				ASSETCATALOG_COMPILER_APPICON_NAME = AppIcon;
				ASSETCATALOG_COMPILER_GLOBAL_ACCENT_COLOR_NAME = AccentColor;
				CODE_SIGN_STYLE = Automatic;
				CURRENT_PROJECT_VERSION = 1;
				DEVELOPMENT_TEAM = 76AJ433CP5;
				GENERATE_INFOPLIST_FILE = YES;
				INFOPLIST_FILE = "UIKitPractice-GitHubApp/Info.plist";
				INFOPLIST_KEY_UIApplicationSupportsIndirectInputEvents = YES;
				INFOPLIST_KEY_UILaunchStoryboardName = LaunchScreen;
				INFOPLIST_KEY_UISupportedInterfaceOrientations = UIInterfaceOrientationPortrait;
				INFOPLIST_KEY_UISupportedInterfaceOrientations_iPad = "UIInterfaceOrientationLandscapeLeft UIInterfaceOrientationLandscapeRight UIInterfaceOrientationPortrait UIInterfaceOrientationPortraitUpsideDown";
				LD_RUNPATH_SEARCH_PATHS = (
					"$(inherited)",
					"@executable_path/Frameworks",
				);
				MARKETING_VERSION = 1.0;
				PRODUCT_BUNDLE_IDENTIFIER = "com.kim.UIKitPractice-GitHubApp";
				PRODUCT_NAME = "$(TARGET_NAME)";
				SUPPORTED_PLATFORMS = "iphoneos iphonesimulator";
				SUPPORTS_MACCATALYST = NO;
				SUPPORTS_MAC_DESIGNED_FOR_IPHONE_IPAD = NO;
				SWIFT_EMIT_LOC_STRINGS = YES;
				SWIFT_VERSION = 5.0;
				TARGETED_DEVICE_FAMILY = 1;
			};
			name = Debug;
		};
		C65C95582927687600B119AD /* Release */ = {
			isa = XCBuildConfiguration;
			buildSettings = {
				ASSETCATALOG_COMPILER_APPICON_NAME = AppIcon;
				ASSETCATALOG_COMPILER_GLOBAL_ACCENT_COLOR_NAME = AccentColor;
				CODE_SIGN_STYLE = Automatic;
				CURRENT_PROJECT_VERSION = 1;
				DEVELOPMENT_TEAM = 76AJ433CP5;
				GENERATE_INFOPLIST_FILE = YES;
				INFOPLIST_FILE = "UIKitPractice-GitHubApp/Info.plist";
				INFOPLIST_KEY_UIApplicationSupportsIndirectInputEvents = YES;
				INFOPLIST_KEY_UILaunchStoryboardName = LaunchScreen;
				INFOPLIST_KEY_UISupportedInterfaceOrientations = UIInterfaceOrientationPortrait;
				INFOPLIST_KEY_UISupportedInterfaceOrientations_iPad = "UIInterfaceOrientationLandscapeLeft UIInterfaceOrientationLandscapeRight UIInterfaceOrientationPortrait UIInterfaceOrientationPortraitUpsideDown";
				LD_RUNPATH_SEARCH_PATHS = (
					"$(inherited)",
					"@executable_path/Frameworks",
				);
				MARKETING_VERSION = 1.0;
				PRODUCT_BUNDLE_IDENTIFIER = "com.kim.UIKitPractice-GitHubApp";
				PRODUCT_NAME = "$(TARGET_NAME)";
				SUPPORTED_PLATFORMS = "iphoneos iphonesimulator";
				SUPPORTS_MACCATALYST = NO;
				SUPPORTS_MAC_DESIGNED_FOR_IPHONE_IPAD = NO;
				SWIFT_EMIT_LOC_STRINGS = YES;
				SWIFT_VERSION = 5.0;
				TARGETED_DEVICE_FAMILY = 1;
			};
			name = Release;
		};
/* End XCBuildConfiguration section */

/* Begin XCConfigurationList section */
		C65C953D2927687500B119AD /* Build configuration list for PBXProject "UIKitPractice-GitHubApp" */ = {
			isa = XCConfigurationList;
			buildConfigurations = (
				C65C95542927687600B119AD /* Debug */,
				C65C95552927687600B119AD /* Release */,
			);
			defaultConfigurationIsVisible = 0;
			defaultConfigurationName = Release;
		};
		C65C95562927687600B119AD /* Build configuration list for PBXNativeTarget "UIKitPractice-GitHubApp" */ = {
			isa = XCConfigurationList;
			buildConfigurations = (
				C65C95572927687600B119AD /* Debug */,
				C65C95582927687600B119AD /* Release */,
			);
			defaultConfigurationIsVisible = 0;
			defaultConfigurationName = Release;
		};
/* End XCConfigurationList section */
	};
	rootObject = C65C953A2927687500B119AD /* Project object */;
}
